
Microsoft Visual Studio Solution File, Format Version 12.00
# Visual Studio 14
VisualStudioVersion = 14.0.25420.1
MinimumVisualStudioVersion = 10.0.40219.1
Project("{FAE04EC0-301F-11D3-BF4B-00C04F79EFBC}") = "NetArgParser", "NetArgParser\NetArgParser.csproj", "{97D47C2D-30BC-49F4-8ABE-D4A5D79C0B9C}"
EndProject
Project("{FAE04EC0-301F-11D3-BF4B-00C04F79EFBC}") = "NetArgParserTest", "NetArgParserTest\NetArgParserTest.csproj", "{3329B466-3D9E-4BEE-A31C-6E032FD98D23}"
EndProject
Global
	GlobalSection(SolutionConfigurationPlatforms) = preSolution
		Debug|Any CPU = Debug|Any CPU
		Release|Any CPU = Release|Any CPU
	EndGlobalSection
	GlobalSection(ProjectConfigurationPlatforms) = postSolution
		{97D47C2D-30BC-49F4-8ABE-D4A5D79C0B9C}.Debug|Any CPU.ActiveCfg = Debug|Any CPU
		{97D47C2D-30BC-49F4-8ABE-D4A5D79C0B9C}.Debug|Any CPU.Build.0 = Debug|Any CPU
		{97D47C2D-30BC-49F4-8ABE-D4A5D79C0B9C}.Release|Any CPU.ActiveCfg = Release|Any CPU
		{97D47C2D-30BC-49F4-8ABE-D4A5D79C0B9C}.Release|Any CPU.Build.0 = Release|Any CPU
		{3329B466-3D9E-4BEE-A31C-6E032FD98D23}.Debug|Any CPU.ActiveCfg = Debug|Any CPU
		{3329B466-3D9E-4BEE-A31C-6E032FD98D23}.Debug|Any CPU.Build.0 = Debug|Any CPU
		{3329B466-3D9E-4BEE-A31C-6E032FD98D23}.Release|Any CPU.ActiveCfg = Release|Any CPU
		{3329B466-3D9E-4BEE-A31C-6E032FD98D23}.Release|Any CPU.Build.0 = Release|Any CPU
	EndGlobalSection
	GlobalSection(SolutionProperties) = preSolution
		HideSolutionNode = FALSE
	EndGlobalSection
EndGlobal
